
Microsoft Visual Studio Solution File, Format Version 12.00
# Visual Studio 15
VisualStudioVersion = 15.0.28307.329
MinimumVisualStudioVersion = 10.0.40219.1
Project("{9A19103F-16F7-4668-BE54-9A1E7A4F7556}") = "OpenActive.NET", "OpenActive.NET\OpenActive.NET.csproj", "{6232C14F-143E-4E60-96CB-2B1D75A10C64}"
EndProject
Project("{9A19103F-16F7-4668-BE54-9A1E7A4F7556}") = "OpenActive.NET.Test", "OpenActive.NET.Test\OpenActive.NET.Test.csproj", "{5138F0B6-8F17-42B9-B774-14488A307529}"
EndProject
Project("{9092AA53-FB77-4645-B42D-1CCCA6BD08BD}") = "OpenActive.NET.Generator", "OpenActive.NET.Generator\OpenActive.NET.Generator.njsproj", "{74756AC9-D78C-4022-AECF-91FC3E2B45D6}"
EndProject
Global
	GlobalSection(SolutionConfigurationPlatforms) = preSolution
		Debug|Any CPU = Debug|Any CPU
		Release|Any CPU = Release|Any CPU
	EndGlobalSection
	GlobalSection(ProjectConfigurationPlatforms) = postSolution
		{6232C14F-143E-4E60-96CB-2B1D75A10C64}.Debug|Any CPU.ActiveCfg = Debug|Any CPU
		{6232C14F-143E-4E60-96CB-2B1D75A10C64}.Debug|Any CPU.Build.0 = Debug|Any CPU
		{6232C14F-143E-4E60-96CB-2B1D75A10C64}.Release|Any CPU.ActiveCfg = Release|Any CPU
		{6232C14F-143E-4E60-96CB-2B1D75A10C64}.Release|Any CPU.Build.0 = Release|Any CPU
		{5138F0B6-8F17-42B9-B774-14488A307529}.Debug|Any CPU.ActiveCfg = Debug|Any CPU
		{5138F0B6-8F17-42B9-B774-14488A307529}.Debug|Any CPU.Build.0 = Debug|Any CPU
		{5138F0B6-8F17-42B9-B774-14488A307529}.Release|Any CPU.ActiveCfg = Release|Any CPU
		{5138F0B6-8F17-42B9-B774-14488A307529}.Release|Any CPU.Build.0 = Release|Any CPU
		{74756AC9-D78C-4022-AECF-91FC3E2B45D6}.Debug|Any CPU.ActiveCfg = Debug|Any CPU
		{74756AC9-D78C-4022-AECF-91FC3E2B45D6}.Debug|Any CPU.Build.0 = Debug|Any CPU
		{74756AC9-D78C-4022-AECF-91FC3E2B45D6}.Release|Any CPU.ActiveCfg = Release|Any CPU
		{74756AC9-D78C-4022-AECF-91FC3E2B45D6}.Release|Any CPU.Build.0 = Release|Any CPU
	EndGlobalSection
	GlobalSection(SolutionProperties) = preSolution
		HideSolutionNode = FALSE
	EndGlobalSection
	GlobalSection(ExtensibilityGlobals) = postSolution
		SolutionGuid = {FA16781D-6B98-45EF-B3AE-D19D4DB3A751}
	EndGlobalSection
EndGlobal
